
Microsoft Visual Studio Solution File, Format Version 12.00
# Visual Studio Version 17
VisualStudioVersion = 17.1.32407.343
MinimumVisualStudioVersion = 10.0.40219.1
Project("{8BC9CEB8-8B4A-11D0-8D11-00A0C91BC942}") = "16.19 usealgo", "16.19 usealgo.vcxproj", "{16E3E964-DA52-494E-8B88-711BD74905BC}"
EndProject
Global
	GlobalSection(SolutionConfigurationPlatforms) = preSolution
		Debug|x64 = Debug|x64
		Debug|x86 = Debug|x86
		Release|x64 = Release|x64
		Release|x86 = Release|x86
	EndGlobalSection
	GlobalSection(ProjectConfigurationPlatforms) = postSolution
		{16E3E964-DA52-494E-8B88-711BD74905BC}.Debug|x64.ActiveCfg = Debug|x64
		{16E3E964-DA52-494E-8B88-711BD74905BC}.Debug|x64.Build.0 = Debug|x64
		{16E3E964-DA52-494E-8B88-711BD74905BC}.Debug|x86.ActiveCfg = Debug|Win32
		{16E3E964-DA52-494E-8B88-711BD74905BC}.Debug|x86.Build.0 = Debug|Win32
		{16E3E964-DA52-494E-8B88-711BD74905BC}.Release|x64.ActiveCfg = Release|x64
		{16E3E964-DA52-494E-8B88-711BD74905BC}.Release|x64.Build.0 = Release|x64
		{16E3E964-DA52-494E-8B88-711BD74905BC}.Release|x86.ActiveCfg = Release|Win32
		{16E3E964-DA52-494E-8B88-711BD74905BC}.Release|x86.Build.0 = Release|Win32
	EndGlobalSection
	GlobalSection(SolutionProperties) = preSolution
		HideSolutionNode = FALSE
	EndGlobalSection
	GlobalSection(ExtensibilityGlobals) = postSolution
		SolutionGuid = {9CD67384-D6A6-4D92-8295-A2EEC50A15FC}
	EndGlobalSection
EndGlobal
