
Microsoft Visual Studio Solution File, Format Version 12.00
# Visual Studio Version 17
VisualStudioVersion = 17.0.32126.317
MinimumVisualStudioVersion = 10.0.40219.1
Project("{8BC9CEB8-8B4A-11D0-8D11-00A0C91BC942}") = "07.12 atrctfun", "07.12 atrctfun.vcxproj", "{3C6433F2-2C5D-4F5E-AD2D-94244FDE2FB4}"
EndProject
Global
	GlobalSection(SolutionConfigurationPlatforms) = preSolution
		Debug|x64 = Debug|x64
		Debug|x86 = Debug|x86
		Release|x64 = Release|x64
		Release|x86 = Release|x86
	EndGlobalSection
	GlobalSection(ProjectConfigurationPlatforms) = postSolution
		{3C6433F2-2C5D-4F5E-AD2D-94244FDE2FB4}.Debug|x64.ActiveCfg = Debug|x64
		{3C6433F2-2C5D-4F5E-AD2D-94244FDE2FB4}.Debug|x64.Build.0 = Debug|x64
		{3C6433F2-2C5D-4F5E-AD2D-94244FDE2FB4}.Debug|x86.ActiveCfg = Debug|Win32
		{3C6433F2-2C5D-4F5E-AD2D-94244FDE2FB4}.Debug|x86.Build.0 = Debug|Win32
		{3C6433F2-2C5D-4F5E-AD2D-94244FDE2FB4}.Release|x64.ActiveCfg = Release|x64
		{3C6433F2-2C5D-4F5E-AD2D-94244FDE2FB4}.Release|x64.Build.0 = Release|x64
		{3C6433F2-2C5D-4F5E-AD2D-94244FDE2FB4}.Release|x86.ActiveCfg = Release|Win32
		{3C6433F2-2C5D-4F5E-AD2D-94244FDE2FB4}.Release|x86.Build.0 = Release|Win32
	EndGlobalSection
	GlobalSection(SolutionProperties) = preSolution
		HideSolutionNode = FALSE
	EndGlobalSection
	GlobalSection(ExtensibilityGlobals) = postSolution
		SolutionGuid = {8058B2F7-7686-4D75-898B-B8DF8F858A94}
	EndGlobalSection
EndGlobal
