
Microsoft Visual Studio Solution File, Format Version 12.00
# Visual Studio Version 17
VisualStudioVersion = 17.1.32407.343
MinimumVisualStudioVersion = 10.0.40219.1
Project("{8BC9CEB8-8B4A-11D0-8D11-00A0C91BC942}") = "04", "04.vcxproj", "{06EFA4A4-AFA1-4003-9FBE-EE8BDF1C3ED8}"
EndProject
Global
	GlobalSection(SolutionConfigurationPlatforms) = preSolution
		Debug|x64 = Debug|x64
		Debug|x86 = Debug|x86
		Release|x64 = Release|x64
		Release|x86 = Release|x86
	EndGlobalSection
	GlobalSection(ProjectConfigurationPlatforms) = postSolution
		{06EFA4A4-AFA1-4003-9FBE-EE8BDF1C3ED8}.Debug|x64.ActiveCfg = Debug|x64
		{06EFA4A4-AFA1-4003-9FBE-EE8BDF1C3ED8}.Debug|x64.Build.0 = Debug|x64
		{06EFA4A4-AFA1-4003-9FBE-EE8BDF1C3ED8}.Debug|x86.ActiveCfg = Debug|Win32
		{06EFA4A4-AFA1-4003-9FBE-EE8BDF1C3ED8}.Debug|x86.Build.0 = Debug|Win32
		{06EFA4A4-AFA1-4003-9FBE-EE8BDF1C3ED8}.Release|x64.ActiveCfg = Release|x64
		{06EFA4A4-AFA1-4003-9FBE-EE8BDF1C3ED8}.Release|x64.Build.0 = Release|x64
		{06EFA4A4-AFA1-4003-9FBE-EE8BDF1C3ED8}.Release|x86.ActiveCfg = Release|Win32
		{06EFA4A4-AFA1-4003-9FBE-EE8BDF1C3ED8}.Release|x86.Build.0 = Release|Win32
	EndGlobalSection
	GlobalSection(SolutionProperties) = preSolution
		HideSolutionNode = FALSE
	EndGlobalSection
	GlobalSection(ExtensibilityGlobals) = postSolution
		SolutionGuid = {1CF5941A-446A-447B-8725-0B442CC3F78C}
	EndGlobalSection
EndGlobal
