
Microsoft Visual Studio Solution File, Format Version 12.00
# Visual Studio Version 17
VisualStudioVersion = 17.1.32407.343
MinimumVisualStudioVersion = 10.0.40219.1
Project("{8BC9CEB8-8B4A-11D0-8D11-00A0C91BC942}") = "15.07 error1", "15.07 error1.vcxproj", "{52D4F980-239A-4919-ADB2-4274F1DA1EB5}"
EndProject
Global
	GlobalSection(SolutionConfigurationPlatforms) = preSolution
		Debug|x64 = Debug|x64
		Debug|x86 = Debug|x86
		Release|x64 = Release|x64
		Release|x86 = Release|x86
	EndGlobalSection
	GlobalSection(ProjectConfigurationPlatforms) = postSolution
		{52D4F980-239A-4919-ADB2-4274F1DA1EB5}.Debug|x64.ActiveCfg = Debug|x64
		{52D4F980-239A-4919-ADB2-4274F1DA1EB5}.Debug|x64.Build.0 = Debug|x64
		{52D4F980-239A-4919-ADB2-4274F1DA1EB5}.Debug|x86.ActiveCfg = Debug|Win32
		{52D4F980-239A-4919-ADB2-4274F1DA1EB5}.Debug|x86.Build.0 = Debug|Win32
		{52D4F980-239A-4919-ADB2-4274F1DA1EB5}.Release|x64.ActiveCfg = Release|x64
		{52D4F980-239A-4919-ADB2-4274F1DA1EB5}.Release|x64.Build.0 = Release|x64
		{52D4F980-239A-4919-ADB2-4274F1DA1EB5}.Release|x86.ActiveCfg = Release|Win32
		{52D4F980-239A-4919-ADB2-4274F1DA1EB5}.Release|x86.Build.0 = Release|Win32
	EndGlobalSection
	GlobalSection(SolutionProperties) = preSolution
		HideSolutionNode = FALSE
	EndGlobalSection
	GlobalSection(ExtensibilityGlobals) = postSolution
		SolutionGuid = {33714401-8AC0-4CAE-A852-6214B34F0F2F}
	EndGlobalSection
EndGlobal
