
Microsoft Visual Studio Solution File, Format Version 12.00
# Visual Studio Version 17
VisualStudioVersion = 17.1.32407.343
MinimumVisualStudioVersion = 10.0.40219.1
Project("{8BC9CEB8-8B4A-11D0-8D11-00A0C91BC942}") = "newexcp", "newexcp.vcxproj", "{39DADA3E-30CC-411B-A899-2E14B63D0A66}"
EndProject
Global
	GlobalSection(SolutionConfigurationPlatforms) = preSolution
		Debug|x64 = Debug|x64
		Debug|x86 = Debug|x86
		Release|x64 = Release|x64
		Release|x86 = Release|x86
	EndGlobalSection
	GlobalSection(ProjectConfigurationPlatforms) = postSolution
		{39DADA3E-30CC-411B-A899-2E14B63D0A66}.Debug|x64.ActiveCfg = Debug|x64
		{39DADA3E-30CC-411B-A899-2E14B63D0A66}.Debug|x64.Build.0 = Debug|x64
		{39DADA3E-30CC-411B-A899-2E14B63D0A66}.Debug|x86.ActiveCfg = Debug|Win32
		{39DADA3E-30CC-411B-A899-2E14B63D0A66}.Debug|x86.Build.0 = Debug|Win32
		{39DADA3E-30CC-411B-A899-2E14B63D0A66}.Release|x64.ActiveCfg = Release|x64
		{39DADA3E-30CC-411B-A899-2E14B63D0A66}.Release|x64.Build.0 = Release|x64
		{39DADA3E-30CC-411B-A899-2E14B63D0A66}.Release|x86.ActiveCfg = Release|Win32
		{39DADA3E-30CC-411B-A899-2E14B63D0A66}.Release|x86.Build.0 = Release|Win32
	EndGlobalSection
	GlobalSection(SolutionProperties) = preSolution
		HideSolutionNode = FALSE
	EndGlobalSection
	GlobalSection(ExtensibilityGlobals) = postSolution
		SolutionGuid = {DC0896F2-4C98-4BD3-A7D4-731D1E26625F}
	EndGlobalSection
EndGlobal
