
Microsoft Visual Studio Solution File, Format Version 12.00
# Visual Studio Version 17
VisualStudioVersion = 17.1.32407.343
MinimumVisualStudioVersion = 10.0.40219.1
Project("{8BC9CEB8-8B4A-11D0-8D11-00A0C91BC942}") = "16.11 inserts", "16.11 inserts.vcxproj", "{703EC74C-8DF0-42F9-A99A-777F57F87EEA}"
EndProject
Global
	GlobalSection(SolutionConfigurationPlatforms) = preSolution
		Debug|x64 = Debug|x64
		Debug|x86 = Debug|x86
		Release|x64 = Release|x64
		Release|x86 = Release|x86
	EndGlobalSection
	GlobalSection(ProjectConfigurationPlatforms) = postSolution
		{703EC74C-8DF0-42F9-A99A-777F57F87EEA}.Debug|x64.ActiveCfg = Debug|x64
		{703EC74C-8DF0-42F9-A99A-777F57F87EEA}.Debug|x64.Build.0 = Debug|x64
		{703EC74C-8DF0-42F9-A99A-777F57F87EEA}.Debug|x86.ActiveCfg = Debug|Win32
		{703EC74C-8DF0-42F9-A99A-777F57F87EEA}.Debug|x86.Build.0 = Debug|Win32
		{703EC74C-8DF0-42F9-A99A-777F57F87EEA}.Release|x64.ActiveCfg = Release|x64
		{703EC74C-8DF0-42F9-A99A-777F57F87EEA}.Release|x64.Build.0 = Release|x64
		{703EC74C-8DF0-42F9-A99A-777F57F87EEA}.Release|x86.ActiveCfg = Release|Win32
		{703EC74C-8DF0-42F9-A99A-777F57F87EEA}.Release|x86.Build.0 = Release|Win32
	EndGlobalSection
	GlobalSection(SolutionProperties) = preSolution
		HideSolutionNode = FALSE
	EndGlobalSection
	GlobalSection(ExtensibilityGlobals) = postSolution
		SolutionGuid = {FDA9BC8B-2B96-4618-8AF6-AEDDD572B651}
	EndGlobalSection
EndGlobal
