
Microsoft Visual Studio Solution File, Format Version 12.00
# Visual Studio Version 17
VisualStudioVersion = 17.1.32407.343
MinimumVisualStudioVersion = 10.0.40219.1
Project("{8BC9CEB8-8B4A-11D0-8D11-00A0C91BC942}") = "04", "04.vcxproj", "{C9A5B930-50B5-4E4D-ADB1-EA1FE8BE2F16}"
EndProject
Global
	GlobalSection(SolutionConfigurationPlatforms) = preSolution
		Debug|x64 = Debug|x64
		Debug|x86 = Debug|x86
		Release|x64 = Release|x64
		Release|x86 = Release|x86
	EndGlobalSection
	GlobalSection(ProjectConfigurationPlatforms) = postSolution
		{C9A5B930-50B5-4E4D-ADB1-EA1FE8BE2F16}.Debug|x64.ActiveCfg = Debug|x64
		{C9A5B930-50B5-4E4D-ADB1-EA1FE8BE2F16}.Debug|x64.Build.0 = Debug|x64
		{C9A5B930-50B5-4E4D-ADB1-EA1FE8BE2F16}.Debug|x86.ActiveCfg = Debug|Win32
		{C9A5B930-50B5-4E4D-ADB1-EA1FE8BE2F16}.Debug|x86.Build.0 = Debug|Win32
		{C9A5B930-50B5-4E4D-ADB1-EA1FE8BE2F16}.Release|x64.ActiveCfg = Release|x64
		{C9A5B930-50B5-4E4D-ADB1-EA1FE8BE2F16}.Release|x64.Build.0 = Release|x64
		{C9A5B930-50B5-4E4D-ADB1-EA1FE8BE2F16}.Release|x86.ActiveCfg = Release|Win32
		{C9A5B930-50B5-4E4D-ADB1-EA1FE8BE2F16}.Release|x86.Build.0 = Release|Win32
	EndGlobalSection
	GlobalSection(SolutionProperties) = preSolution
		HideSolutionNode = FALSE
	EndGlobalSection
	GlobalSection(ExtensibilityGlobals) = postSolution
		SolutionGuid = {C86B1286-FE94-4031-8D96-4DC047F65515}
	EndGlobalSection
EndGlobal
