
Microsoft Visual Studio Solution File, Format Version 12.00
# Visual Studio Version 17
VisualStudioVersion = 17.1.32407.343
MinimumVisualStudioVersion = 10.0.40219.1
Project("{8BC9CEB8-8B4A-11D0-8D11-00A0C91BC942}") = "07.07", "07.07.vcxproj", "{949F174A-6390-4FDC-84AA-8118F6A9A556}"
EndProject
Global
	GlobalSection(SolutionConfigurationPlatforms) = preSolution
		Debug|x64 = Debug|x64
		Debug|x86 = Debug|x86
		Release|x64 = Release|x64
		Release|x86 = Release|x86
	EndGlobalSection
	GlobalSection(ProjectConfigurationPlatforms) = postSolution
		{949F174A-6390-4FDC-84AA-8118F6A9A556}.Debug|x64.ActiveCfg = Debug|x64
		{949F174A-6390-4FDC-84AA-8118F6A9A556}.Debug|x64.Build.0 = Debug|x64
		{949F174A-6390-4FDC-84AA-8118F6A9A556}.Debug|x86.ActiveCfg = Debug|Win32
		{949F174A-6390-4FDC-84AA-8118F6A9A556}.Debug|x86.Build.0 = Debug|Win32
		{949F174A-6390-4FDC-84AA-8118F6A9A556}.Release|x64.ActiveCfg = Release|x64
		{949F174A-6390-4FDC-84AA-8118F6A9A556}.Release|x64.Build.0 = Release|x64
		{949F174A-6390-4FDC-84AA-8118F6A9A556}.Release|x86.ActiveCfg = Release|Win32
		{949F174A-6390-4FDC-84AA-8118F6A9A556}.Release|x86.Build.0 = Release|Win32
	EndGlobalSection
	GlobalSection(SolutionProperties) = preSolution
		HideSolutionNode = FALSE
	EndGlobalSection
	GlobalSection(ExtensibilityGlobals) = postSolution
		SolutionGuid = {9D47781C-8A36-4768-8F9F-C836199DFE65}
	EndGlobalSection
EndGlobal
