
Microsoft Visual Studio Solution File, Format Version 12.00
# Visual Studio Version 16
VisualStudioVersion = 16.0.31729.503
MinimumVisualStudioVersion = 10.0.40219.1
Project("{8BC9CEB8-8B4A-11D0-8D11-00A0C91BC942}") = "04.14 address", "04.14 address.vcxproj", "{45DE0404-23B7-4C03-8A7E-F86ADB49C157}"
EndProject
Global
	GlobalSection(SolutionConfigurationPlatforms) = preSolution
		Debug|x64 = Debug|x64
		Debug|x86 = Debug|x86
		Release|x64 = Release|x64
		Release|x86 = Release|x86
	EndGlobalSection
	GlobalSection(ProjectConfigurationPlatforms) = postSolution
		{45DE0404-23B7-4C03-8A7E-F86ADB49C157}.Debug|x64.ActiveCfg = Debug|x64
		{45DE0404-23B7-4C03-8A7E-F86ADB49C157}.Debug|x64.Build.0 = Debug|x64
		{45DE0404-23B7-4C03-8A7E-F86ADB49C157}.Debug|x86.ActiveCfg = Debug|Win32
		{45DE0404-23B7-4C03-8A7E-F86ADB49C157}.Debug|x86.Build.0 = Debug|Win32
		{45DE0404-23B7-4C03-8A7E-F86ADB49C157}.Release|x64.ActiveCfg = Release|x64
		{45DE0404-23B7-4C03-8A7E-F86ADB49C157}.Release|x64.Build.0 = Release|x64
		{45DE0404-23B7-4C03-8A7E-F86ADB49C157}.Release|x86.ActiveCfg = Release|Win32
		{45DE0404-23B7-4C03-8A7E-F86ADB49C157}.Release|x86.Build.0 = Release|Win32
	EndGlobalSection
	GlobalSection(SolutionProperties) = preSolution
		HideSolutionNode = FALSE
	EndGlobalSection
	GlobalSection(ExtensibilityGlobals) = postSolution
		SolutionGuid = {33C0FD48-1812-4989-9B71-EC3449333D94}
	EndGlobalSection
EndGlobal
