
Microsoft Visual Studio Solution File, Format Version 12.00
# Visual Studio Version 16
VisualStudioVersion = 16.0.31729.503
MinimumVisualStudioVersion = 10.0.40219.1
Project("{8BC9CEB8-8B4A-11D0-8D11-00A0C91BC942}") = "03.12 Modulus", "03.12 Modulus.vcxproj", "{BDA95E11-8CFE-4500-A3FF-114E5C1B6FF7}"
EndProject
Global
	GlobalSection(SolutionConfigurationPlatforms) = preSolution
		Debug|x64 = Debug|x64
		Debug|x86 = Debug|x86
		Release|x64 = Release|x64
		Release|x86 = Release|x86
	EndGlobalSection
	GlobalSection(ProjectConfigurationPlatforms) = postSolution
		{BDA95E11-8CFE-4500-A3FF-114E5C1B6FF7}.Debug|x64.ActiveCfg = Debug|x64
		{BDA95E11-8CFE-4500-A3FF-114E5C1B6FF7}.Debug|x64.Build.0 = Debug|x64
		{BDA95E11-8CFE-4500-A3FF-114E5C1B6FF7}.Debug|x86.ActiveCfg = Debug|Win32
		{BDA95E11-8CFE-4500-A3FF-114E5C1B6FF7}.Debug|x86.Build.0 = Debug|Win32
		{BDA95E11-8CFE-4500-A3FF-114E5C1B6FF7}.Release|x64.ActiveCfg = Release|x64
		{BDA95E11-8CFE-4500-A3FF-114E5C1B6FF7}.Release|x64.Build.0 = Release|x64
		{BDA95E11-8CFE-4500-A3FF-114E5C1B6FF7}.Release|x86.ActiveCfg = Release|Win32
		{BDA95E11-8CFE-4500-A3FF-114E5C1B6FF7}.Release|x86.Build.0 = Release|Win32
	EndGlobalSection
	GlobalSection(SolutionProperties) = preSolution
		HideSolutionNode = FALSE
	EndGlobalSection
	GlobalSection(ExtensibilityGlobals) = postSolution
		SolutionGuid = {9687E217-4918-4F31-A19C-5CAD85E6543B}
	EndGlobalSection
EndGlobal
