
Microsoft Visual Studio Solution File, Format Version 12.00
# Visual Studio Version 17
VisualStudioVersion = 17.1.32407.343
MinimumVisualStudioVersion = 10.0.40219.1
Project("{8BC9CEB8-8B4A-11D0-8D11-00A0C91BC942}") = "17.14 peeker", "17.14 peeker.vcxproj", "{43CD9FBD-44B0-47AF-9C51-8A8F5C5E6866}"
EndProject
Global
	GlobalSection(SolutionConfigurationPlatforms) = preSolution
		Debug|x64 = Debug|x64
		Debug|x86 = Debug|x86
		Release|x64 = Release|x64
		Release|x86 = Release|x86
	EndGlobalSection
	GlobalSection(ProjectConfigurationPlatforms) = postSolution
		{43CD9FBD-44B0-47AF-9C51-8A8F5C5E6866}.Debug|x64.ActiveCfg = Debug|x64
		{43CD9FBD-44B0-47AF-9C51-8A8F5C5E6866}.Debug|x64.Build.0 = Debug|x64
		{43CD9FBD-44B0-47AF-9C51-8A8F5C5E6866}.Debug|x86.ActiveCfg = Debug|Win32
		{43CD9FBD-44B0-47AF-9C51-8A8F5C5E6866}.Debug|x86.Build.0 = Debug|Win32
		{43CD9FBD-44B0-47AF-9C51-8A8F5C5E6866}.Release|x64.ActiveCfg = Release|x64
		{43CD9FBD-44B0-47AF-9C51-8A8F5C5E6866}.Release|x64.Build.0 = Release|x64
		{43CD9FBD-44B0-47AF-9C51-8A8F5C5E6866}.Release|x86.ActiveCfg = Release|Win32
		{43CD9FBD-44B0-47AF-9C51-8A8F5C5E6866}.Release|x86.Build.0 = Release|Win32
	EndGlobalSection
	GlobalSection(SolutionProperties) = preSolution
		HideSolutionNode = FALSE
	EndGlobalSection
	GlobalSection(ExtensibilityGlobals) = postSolution
		SolutionGuid = {87DFDB8B-0784-4B20-8AFC-DE7A5E180A1F}
	EndGlobalSection
EndGlobal
