
Microsoft Visual Studio Solution File, Format Version 12.00
# Visual Studio Version 17
VisualStudioVersion = 17.0.32126.317
MinimumVisualStudioVersion = 10.0.40219.1
Project("{8BC9CEB8-8B4A-11D0-8D11-00A0C91BC942}") = "07.08 arrfun4", "07.08 arrfun4.vcxproj", "{350BA010-196B-4321-B471-F22CD4D5C4FE}"
EndProject
Global
	GlobalSection(SolutionConfigurationPlatforms) = preSolution
		Debug|x64 = Debug|x64
		Debug|x86 = Debug|x86
		Release|x64 = Release|x64
		Release|x86 = Release|x86
	EndGlobalSection
	GlobalSection(ProjectConfigurationPlatforms) = postSolution
		{350BA010-196B-4321-B471-F22CD4D5C4FE}.Debug|x64.ActiveCfg = Debug|x64
		{350BA010-196B-4321-B471-F22CD4D5C4FE}.Debug|x64.Build.0 = Debug|x64
		{350BA010-196B-4321-B471-F22CD4D5C4FE}.Debug|x86.ActiveCfg = Debug|Win32
		{350BA010-196B-4321-B471-F22CD4D5C4FE}.Debug|x86.Build.0 = Debug|Win32
		{350BA010-196B-4321-B471-F22CD4D5C4FE}.Release|x64.ActiveCfg = Release|x64
		{350BA010-196B-4321-B471-F22CD4D5C4FE}.Release|x64.Build.0 = Release|x64
		{350BA010-196B-4321-B471-F22CD4D5C4FE}.Release|x86.ActiveCfg = Release|Win32
		{350BA010-196B-4321-B471-F22CD4D5C4FE}.Release|x86.Build.0 = Release|Win32
	EndGlobalSection
	GlobalSection(SolutionProperties) = preSolution
		HideSolutionNode = FALSE
	EndGlobalSection
	GlobalSection(ExtensibilityGlobals) = postSolution
		SolutionGuid = {54789553-C2D8-44D0-BE23-83892C59B471}
	EndGlobalSection
EndGlobal
