
Microsoft Visual Studio Solution File, Format Version 12.00
# Visual Studio Version 17
VisualStudioVersion = 17.1.32407.343
MinimumVisualStudioVersion = 10.0.40219.1
Project("{8BC9CEB8-8B4A-11D0-8D11-00A0C91BC942}") = "18.06 somdefs", "18.06 somdefs.vcxproj", "{CB1E1631-9BEA-446A-9F03-0634599C74FD}"
EndProject
Global
	GlobalSection(SolutionConfigurationPlatforms) = preSolution
		Debug|x64 = Debug|x64
		Debug|x86 = Debug|x86
		Release|x64 = Release|x64
		Release|x86 = Release|x86
	EndGlobalSection
	GlobalSection(ProjectConfigurationPlatforms) = postSolution
		{CB1E1631-9BEA-446A-9F03-0634599C74FD}.Debug|x64.ActiveCfg = Debug|x64
		{CB1E1631-9BEA-446A-9F03-0634599C74FD}.Debug|x64.Build.0 = Debug|x64
		{CB1E1631-9BEA-446A-9F03-0634599C74FD}.Debug|x86.ActiveCfg = Debug|Win32
		{CB1E1631-9BEA-446A-9F03-0634599C74FD}.Debug|x86.Build.0 = Debug|Win32
		{CB1E1631-9BEA-446A-9F03-0634599C74FD}.Release|x64.ActiveCfg = Release|x64
		{CB1E1631-9BEA-446A-9F03-0634599C74FD}.Release|x64.Build.0 = Release|x64
		{CB1E1631-9BEA-446A-9F03-0634599C74FD}.Release|x86.ActiveCfg = Release|Win32
		{CB1E1631-9BEA-446A-9F03-0634599C74FD}.Release|x86.Build.0 = Release|Win32
	EndGlobalSection
	GlobalSection(SolutionProperties) = preSolution
		HideSolutionNode = FALSE
	EndGlobalSection
	GlobalSection(ExtensibilityGlobals) = postSolution
		SolutionGuid = {8AA56182-1460-48DB-92EC-48B921A0F9E4}
	EndGlobalSection
EndGlobal
