
Microsoft Visual Studio Solution File, Format Version 12.00
# Visual Studio Version 17
VisualStudioVersion = 17.1.32407.343
MinimumVisualStudioVersion = 10.0.40219.1
Project("{8BC9CEB8-8B4A-11D0-8D11-00A0C91BC942}") = "03", "03.vcxproj", "{A66A4ED2-1AB0-45B3-8442-828C69E28D3D}"
EndProject
Global
	GlobalSection(SolutionConfigurationPlatforms) = preSolution
		Debug|x64 = Debug|x64
		Debug|x86 = Debug|x86
		Release|x64 = Release|x64
		Release|x86 = Release|x86
	EndGlobalSection
	GlobalSection(ProjectConfigurationPlatforms) = postSolution
		{A66A4ED2-1AB0-45B3-8442-828C69E28D3D}.Debug|x64.ActiveCfg = Debug|x64
		{A66A4ED2-1AB0-45B3-8442-828C69E28D3D}.Debug|x64.Build.0 = Debug|x64
		{A66A4ED2-1AB0-45B3-8442-828C69E28D3D}.Debug|x86.ActiveCfg = Debug|Win32
		{A66A4ED2-1AB0-45B3-8442-828C69E28D3D}.Debug|x86.Build.0 = Debug|Win32
		{A66A4ED2-1AB0-45B3-8442-828C69E28D3D}.Release|x64.ActiveCfg = Release|x64
		{A66A4ED2-1AB0-45B3-8442-828C69E28D3D}.Release|x64.Build.0 = Release|x64
		{A66A4ED2-1AB0-45B3-8442-828C69E28D3D}.Release|x86.ActiveCfg = Release|Win32
		{A66A4ED2-1AB0-45B3-8442-828C69E28D3D}.Release|x86.Build.0 = Release|Win32
	EndGlobalSection
	GlobalSection(SolutionProperties) = preSolution
		HideSolutionNode = FALSE
	EndGlobalSection
	GlobalSection(ExtensibilityGlobals) = postSolution
		SolutionGuid = {A09E36E2-C722-4963-8B1B-B6DAB77D86FD}
	EndGlobalSection
EndGlobal
