
Microsoft Visual Studio Solution File, Format Version 12.00
# Visual Studio Version 17
VisualStudioVersion = 17.1.32407.343
MinimumVisualStudioVersion = 10.0.40219.1
Project("{8BC9CEB8-8B4A-11D0-8D11-00A0C91BC942}") = "02", "02.vcxproj", "{994E4BF5-186B-4C6F-8F86-5D1977DA0DEF}"
EndProject
Global
	GlobalSection(SolutionConfigurationPlatforms) = preSolution
		Debug|x64 = Debug|x64
		Debug|x86 = Debug|x86
		Release|x64 = Release|x64
		Release|x86 = Release|x86
	EndGlobalSection
	GlobalSection(ProjectConfigurationPlatforms) = postSolution
		{994E4BF5-186B-4C6F-8F86-5D1977DA0DEF}.Debug|x64.ActiveCfg = Debug|x64
		{994E4BF5-186B-4C6F-8F86-5D1977DA0DEF}.Debug|x64.Build.0 = Debug|x64
		{994E4BF5-186B-4C6F-8F86-5D1977DA0DEF}.Debug|x86.ActiveCfg = Debug|Win32
		{994E4BF5-186B-4C6F-8F86-5D1977DA0DEF}.Debug|x86.Build.0 = Debug|Win32
		{994E4BF5-186B-4C6F-8F86-5D1977DA0DEF}.Release|x64.ActiveCfg = Release|x64
		{994E4BF5-186B-4C6F-8F86-5D1977DA0DEF}.Release|x64.Build.0 = Release|x64
		{994E4BF5-186B-4C6F-8F86-5D1977DA0DEF}.Release|x86.ActiveCfg = Release|Win32
		{994E4BF5-186B-4C6F-8F86-5D1977DA0DEF}.Release|x86.Build.0 = Release|Win32
	EndGlobalSection
	GlobalSection(SolutionProperties) = preSolution
		HideSolutionNode = FALSE
	EndGlobalSection
	GlobalSection(ExtensibilityGlobals) = postSolution
		SolutionGuid = {77E311BF-828E-4D41-9F16-4C57216DDB00}
	EndGlobalSection
EndGlobal
