
Microsoft Visual Studio Solution File, Format Version 12.00
# Visual Studio Version 17
VisualStudioVersion = 17.1.32407.343
MinimumVisualStudioVersion = 10.0.40219.1
Project("{8BC9CEB8-8B4A-11D0-8D11-00A0C91BC942}") = "08.02 firstref", "08.02 firstref.vcxproj", "{53F90821-19E5-493F-BF5F-E5ABBA831B61}"
EndProject
Global
	GlobalSection(SolutionConfigurationPlatforms) = preSolution
		Debug|x64 = Debug|x64
		Debug|x86 = Debug|x86
		Release|x64 = Release|x64
		Release|x86 = Release|x86
	EndGlobalSection
	GlobalSection(ProjectConfigurationPlatforms) = postSolution
		{53F90821-19E5-493F-BF5F-E5ABBA831B61}.Debug|x64.ActiveCfg = Debug|x64
		{53F90821-19E5-493F-BF5F-E5ABBA831B61}.Debug|x64.Build.0 = Debug|x64
		{53F90821-19E5-493F-BF5F-E5ABBA831B61}.Debug|x86.ActiveCfg = Debug|Win32
		{53F90821-19E5-493F-BF5F-E5ABBA831B61}.Debug|x86.Build.0 = Debug|Win32
		{53F90821-19E5-493F-BF5F-E5ABBA831B61}.Release|x64.ActiveCfg = Release|x64
		{53F90821-19E5-493F-BF5F-E5ABBA831B61}.Release|x64.Build.0 = Release|x64
		{53F90821-19E5-493F-BF5F-E5ABBA831B61}.Release|x86.ActiveCfg = Release|Win32
		{53F90821-19E5-493F-BF5F-E5ABBA831B61}.Release|x86.Build.0 = Release|Win32
	EndGlobalSection
	GlobalSection(SolutionProperties) = preSolution
		HideSolutionNode = FALSE
	EndGlobalSection
	GlobalSection(ExtensibilityGlobals) = postSolution
		SolutionGuid = {2CD9E659-263A-43DD-BD68-5AF88877A600}
	EndGlobalSection
EndGlobal
