
Microsoft Visual Studio Solution File, Format Version 12.00
# Visual Studio Version 17
VisualStudioVersion = 17.1.32407.343
MinimumVisualStudioVersion = 10.0.40219.1
Project("{8BC9CEB8-8B4A-11D0-8D11-00A0C91BC942}") = "16.09 vect2", "16.09 vect2.vcxproj", "{B5A34DC9-DD44-4657-BA35-4C25ACF221FE}"
EndProject
Global
	GlobalSection(SolutionConfigurationPlatforms) = preSolution
		Debug|x64 = Debug|x64
		Debug|x86 = Debug|x86
		Release|x64 = Release|x64
		Release|x86 = Release|x86
	EndGlobalSection
	GlobalSection(ProjectConfigurationPlatforms) = postSolution
		{B5A34DC9-DD44-4657-BA35-4C25ACF221FE}.Debug|x64.ActiveCfg = Debug|x64
		{B5A34DC9-DD44-4657-BA35-4C25ACF221FE}.Debug|x64.Build.0 = Debug|x64
		{B5A34DC9-DD44-4657-BA35-4C25ACF221FE}.Debug|x86.ActiveCfg = Debug|Win32
		{B5A34DC9-DD44-4657-BA35-4C25ACF221FE}.Debug|x86.Build.0 = Debug|Win32
		{B5A34DC9-DD44-4657-BA35-4C25ACF221FE}.Release|x64.ActiveCfg = Release|x64
		{B5A34DC9-DD44-4657-BA35-4C25ACF221FE}.Release|x64.Build.0 = Release|x64
		{B5A34DC9-DD44-4657-BA35-4C25ACF221FE}.Release|x86.ActiveCfg = Release|Win32
		{B5A34DC9-DD44-4657-BA35-4C25ACF221FE}.Release|x86.Build.0 = Release|Win32
	EndGlobalSection
	GlobalSection(SolutionProperties) = preSolution
		HideSolutionNode = FALSE
	EndGlobalSection
	GlobalSection(ExtensibilityGlobals) = postSolution
		SolutionGuid = {E7E9614C-BA95-4579-8906-42EFBA21FE7B}
	EndGlobalSection
EndGlobal
