
Microsoft Visual Studio Solution File, Format Version 12.00
# Visual Studio Version 16
VisualStudioVersion = 16.0.31729.503
MinimumVisualStudioVersion = 10.0.40219.1
Project("{8BC9CEB8-8B4A-11D0-8D11-00A0C91BC942}") = "02.04 sqrt", "02.04 sqrt.vcxproj", "{7CF1E64A-06A8-4E65-8CE1-F8F4E3B8B939}"
EndProject
Global
	GlobalSection(SolutionConfigurationPlatforms) = preSolution
		Debug|x64 = Debug|x64
		Debug|x86 = Debug|x86
		Release|x64 = Release|x64
		Release|x86 = Release|x86
	EndGlobalSection
	GlobalSection(ProjectConfigurationPlatforms) = postSolution
		{7CF1E64A-06A8-4E65-8CE1-F8F4E3B8B939}.Debug|x64.ActiveCfg = Debug|x64
		{7CF1E64A-06A8-4E65-8CE1-F8F4E3B8B939}.Debug|x64.Build.0 = Debug|x64
		{7CF1E64A-06A8-4E65-8CE1-F8F4E3B8B939}.Debug|x86.ActiveCfg = Debug|Win32
		{7CF1E64A-06A8-4E65-8CE1-F8F4E3B8B939}.Debug|x86.Build.0 = Debug|Win32
		{7CF1E64A-06A8-4E65-8CE1-F8F4E3B8B939}.Release|x64.ActiveCfg = Release|x64
		{7CF1E64A-06A8-4E65-8CE1-F8F4E3B8B939}.Release|x64.Build.0 = Release|x64
		{7CF1E64A-06A8-4E65-8CE1-F8F4E3B8B939}.Release|x86.ActiveCfg = Release|Win32
		{7CF1E64A-06A8-4E65-8CE1-F8F4E3B8B939}.Release|x86.Build.0 = Release|Win32
	EndGlobalSection
	GlobalSection(SolutionProperties) = preSolution
		HideSolutionNode = FALSE
	EndGlobalSection
	GlobalSection(ExtensibilityGlobals) = postSolution
		SolutionGuid = {8EEDAA3E-41FF-4B6F-9A48-7F6AB337236F}
	EndGlobalSection
EndGlobal
