
Microsoft Visual Studio Solution File, Format Version 12.00
# Visual Studio Version 17
VisualStudioVersion = 17.1.32407.343
MinimumVisualStudioVersion = 10.0.40219.1
Project("{8BC9CEB8-8B4A-11D0-8D11-00A0C91BC942}") = "12.08 placenew1", "12.08 placenew1.vcxproj", "{FCCE9B2F-FBE0-441F-ABD0-8F336C223E52}"
EndProject
Global
	GlobalSection(SolutionConfigurationPlatforms) = preSolution
		Debug|x64 = Debug|x64
		Debug|x86 = Debug|x86
		Release|x64 = Release|x64
		Release|x86 = Release|x86
	EndGlobalSection
	GlobalSection(ProjectConfigurationPlatforms) = postSolution
		{FCCE9B2F-FBE0-441F-ABD0-8F336C223E52}.Debug|x64.ActiveCfg = Debug|x64
		{FCCE9B2F-FBE0-441F-ABD0-8F336C223E52}.Debug|x64.Build.0 = Debug|x64
		{FCCE9B2F-FBE0-441F-ABD0-8F336C223E52}.Debug|x86.ActiveCfg = Debug|Win32
		{FCCE9B2F-FBE0-441F-ABD0-8F336C223E52}.Debug|x86.Build.0 = Debug|Win32
		{FCCE9B2F-FBE0-441F-ABD0-8F336C223E52}.Release|x64.ActiveCfg = Release|x64
		{FCCE9B2F-FBE0-441F-ABD0-8F336C223E52}.Release|x64.Build.0 = Release|x64
		{FCCE9B2F-FBE0-441F-ABD0-8F336C223E52}.Release|x86.ActiveCfg = Release|Win32
		{FCCE9B2F-FBE0-441F-ABD0-8F336C223E52}.Release|x86.Build.0 = Release|Win32
	EndGlobalSection
	GlobalSection(SolutionProperties) = preSolution
		HideSolutionNode = FALSE
	EndGlobalSection
	GlobalSection(ExtensibilityGlobals) = postSolution
		SolutionGuid = {EFDDB5A5-90C4-4C3A-BDD8-BD782D3225E1}
	EndGlobalSection
EndGlobal
