
Microsoft Visual Studio Solution File, Format Version 12.00
# Visual Studio Version 17
VisualStudioVersion = 17.1.32407.343
MinimumVisualStudioVersion = 10.0.40219.1
Project("{8BC9CEB8-8B4A-11D0-8D11-00A0C91BC942}") = "16.21 vslice", "16.21 vslice.vcxproj", "{55E6F594-7C55-4276-BDEE-5AAF9C675A31}"
EndProject
Global
	GlobalSection(SolutionConfigurationPlatforms) = preSolution
		Debug|x64 = Debug|x64
		Debug|x86 = Debug|x86
		Release|x64 = Release|x64
		Release|x86 = Release|x86
	EndGlobalSection
	GlobalSection(ProjectConfigurationPlatforms) = postSolution
		{55E6F594-7C55-4276-BDEE-5AAF9C675A31}.Debug|x64.ActiveCfg = Debug|x64
		{55E6F594-7C55-4276-BDEE-5AAF9C675A31}.Debug|x64.Build.0 = Debug|x64
		{55E6F594-7C55-4276-BDEE-5AAF9C675A31}.Debug|x86.ActiveCfg = Debug|Win32
		{55E6F594-7C55-4276-BDEE-5AAF9C675A31}.Debug|x86.Build.0 = Debug|Win32
		{55E6F594-7C55-4276-BDEE-5AAF9C675A31}.Release|x64.ActiveCfg = Release|x64
		{55E6F594-7C55-4276-BDEE-5AAF9C675A31}.Release|x64.Build.0 = Release|x64
		{55E6F594-7C55-4276-BDEE-5AAF9C675A31}.Release|x86.ActiveCfg = Release|Win32
		{55E6F594-7C55-4276-BDEE-5AAF9C675A31}.Release|x86.Build.0 = Release|Win32
	EndGlobalSection
	GlobalSection(SolutionProperties) = preSolution
		HideSolutionNode = FALSE
	EndGlobalSection
	GlobalSection(ExtensibilityGlobals) = postSolution
		SolutionGuid = {55C46BEE-B48A-4B2E-8649-38BC56F27089}
	EndGlobalSection
EndGlobal
