
Microsoft Visual Studio Solution File, Format Version 12.00
# Visual Studio Version 17
VisualStudioVersion = 17.1.32407.343
MinimumVisualStudioVersion = 10.0.40219.1
Project("{8BC9CEB8-8B4A-11D0-8D11-00A0C91BC942}") = "16.02 strfile", "16.02 strfile.vcxproj", "{760DEFED-6FB3-4C4A-B644-CA18AA8871EC}"
EndProject
Global
	GlobalSection(SolutionConfigurationPlatforms) = preSolution
		Debug|x64 = Debug|x64
		Debug|x86 = Debug|x86
		Release|x64 = Release|x64
		Release|x86 = Release|x86
	EndGlobalSection
	GlobalSection(ProjectConfigurationPlatforms) = postSolution
		{760DEFED-6FB3-4C4A-B644-CA18AA8871EC}.Debug|x64.ActiveCfg = Debug|x64
		{760DEFED-6FB3-4C4A-B644-CA18AA8871EC}.Debug|x64.Build.0 = Debug|x64
		{760DEFED-6FB3-4C4A-B644-CA18AA8871EC}.Debug|x86.ActiveCfg = Debug|Win32
		{760DEFED-6FB3-4C4A-B644-CA18AA8871EC}.Debug|x86.Build.0 = Debug|Win32
		{760DEFED-6FB3-4C4A-B644-CA18AA8871EC}.Release|x64.ActiveCfg = Release|x64
		{760DEFED-6FB3-4C4A-B644-CA18AA8871EC}.Release|x64.Build.0 = Release|x64
		{760DEFED-6FB3-4C4A-B644-CA18AA8871EC}.Release|x86.ActiveCfg = Release|Win32
		{760DEFED-6FB3-4C4A-B644-CA18AA8871EC}.Release|x86.Build.0 = Release|Win32
	EndGlobalSection
	GlobalSection(SolutionProperties) = preSolution
		HideSolutionNode = FALSE
	EndGlobalSection
	GlobalSection(ExtensibilityGlobals) = postSolution
		SolutionGuid = {976779C2-1A74-41D6-A484-B587F4BECECC}
	EndGlobalSection
EndGlobal
