
Microsoft Visual Studio Solution File, Format Version 12.00
# Visual Studio Version 17
VisualStudioVersion = 17.1.32407.343
MinimumVisualStudioVersion = 10.0.40219.1
Project("{8BC9CEB8-8B4A-11D0-8D11-00A0C91BC942}") = "10.04 构造函数与析构函数", "10.04 构造函数与析构函数.vcxproj", "{4C6D51F6-22DE-41F2-BC39-F44B7B562C8A}"
EndProject
Global
	GlobalSection(SolutionConfigurationPlatforms) = preSolution
		Debug|x64 = Debug|x64
		Debug|x86 = Debug|x86
		Release|x64 = Release|x64
		Release|x86 = Release|x86
	EndGlobalSection
	GlobalSection(ProjectConfigurationPlatforms) = postSolution
		{4C6D51F6-22DE-41F2-BC39-F44B7B562C8A}.Debug|x64.ActiveCfg = Debug|x64
		{4C6D51F6-22DE-41F2-BC39-F44B7B562C8A}.Debug|x64.Build.0 = Debug|x64
		{4C6D51F6-22DE-41F2-BC39-F44B7B562C8A}.Debug|x86.ActiveCfg = Debug|Win32
		{4C6D51F6-22DE-41F2-BC39-F44B7B562C8A}.Debug|x86.Build.0 = Debug|Win32
		{4C6D51F6-22DE-41F2-BC39-F44B7B562C8A}.Release|x64.ActiveCfg = Release|x64
		{4C6D51F6-22DE-41F2-BC39-F44B7B562C8A}.Release|x64.Build.0 = Release|x64
		{4C6D51F6-22DE-41F2-BC39-F44B7B562C8A}.Release|x86.ActiveCfg = Release|Win32
		{4C6D51F6-22DE-41F2-BC39-F44B7B562C8A}.Release|x86.Build.0 = Release|Win32
	EndGlobalSection
	GlobalSection(SolutionProperties) = preSolution
		HideSolutionNode = FALSE
	EndGlobalSection
	GlobalSection(ExtensibilityGlobals) = postSolution
		SolutionGuid = {BDF810E9-FC54-4EAA-BCE7-8D33C23B4CF9}
	EndGlobalSection
EndGlobal
