
Microsoft Visual Studio Solution File, Format Version 12.00
# Visual Studio Version 16
VisualStudioVersion = 16.0.31729.503
MinimumVisualStudioVersion = 10.0.40219.1
Project("{8BC9CEB8-8B4A-11D0-8D11-00A0C91BC942}") = "04.01 arrayone", "04.01 arrayone.vcxproj", "{25C191C9-D1BC-4473-9B05-D383A547732C}"
EndProject
Global
	GlobalSection(SolutionConfigurationPlatforms) = preSolution
		Debug|x64 = Debug|x64
		Debug|x86 = Debug|x86
		Release|x64 = Release|x64
		Release|x86 = Release|x86
	EndGlobalSection
	GlobalSection(ProjectConfigurationPlatforms) = postSolution
		{25C191C9-D1BC-4473-9B05-D383A547732C}.Debug|x64.ActiveCfg = Debug|x64
		{25C191C9-D1BC-4473-9B05-D383A547732C}.Debug|x64.Build.0 = Debug|x64
		{25C191C9-D1BC-4473-9B05-D383A547732C}.Debug|x86.ActiveCfg = Debug|Win32
		{25C191C9-D1BC-4473-9B05-D383A547732C}.Debug|x86.Build.0 = Debug|Win32
		{25C191C9-D1BC-4473-9B05-D383A547732C}.Release|x64.ActiveCfg = Release|x64
		{25C191C9-D1BC-4473-9B05-D383A547732C}.Release|x64.Build.0 = Release|x64
		{25C191C9-D1BC-4473-9B05-D383A547732C}.Release|x86.ActiveCfg = Release|Win32
		{25C191C9-D1BC-4473-9B05-D383A547732C}.Release|x86.Build.0 = Release|Win32
	EndGlobalSection
	GlobalSection(SolutionProperties) = preSolution
		HideSolutionNode = FALSE
	EndGlobalSection
	GlobalSection(ExtensibilityGlobals) = postSolution
		SolutionGuid = {C47C87AA-0CF3-46AD-BBF7-B46FDCBFC3A4}
	EndGlobalSection
EndGlobal
