
Microsoft Visual Studio Solution File, Format Version 12.00
# Visual Studio Version 17
VisualStudioVersion = 17.1.32407.343
MinimumVisualStudioVersion = 10.0.40219.1
Project("{8BC9CEB8-8B4A-11D0-8D11-00A0C91BC942}") = "08.08 filefunc", "08.08 filefunc.vcxproj", "{57F0A1D6-E0E6-40B6-80DF-589FFEEC4123}"
EndProject
Global
	GlobalSection(SolutionConfigurationPlatforms) = preSolution
		Debug|x64 = Debug|x64
		Debug|x86 = Debug|x86
		Release|x64 = Release|x64
		Release|x86 = Release|x86
	EndGlobalSection
	GlobalSection(ProjectConfigurationPlatforms) = postSolution
		{57F0A1D6-E0E6-40B6-80DF-589FFEEC4123}.Debug|x64.ActiveCfg = Debug|x64
		{57F0A1D6-E0E6-40B6-80DF-589FFEEC4123}.Debug|x64.Build.0 = Debug|x64
		{57F0A1D6-E0E6-40B6-80DF-589FFEEC4123}.Debug|x86.ActiveCfg = Debug|Win32
		{57F0A1D6-E0E6-40B6-80DF-589FFEEC4123}.Debug|x86.Build.0 = Debug|Win32
		{57F0A1D6-E0E6-40B6-80DF-589FFEEC4123}.Release|x64.ActiveCfg = Release|x64
		{57F0A1D6-E0E6-40B6-80DF-589FFEEC4123}.Release|x64.Build.0 = Release|x64
		{57F0A1D6-E0E6-40B6-80DF-589FFEEC4123}.Release|x86.ActiveCfg = Release|Win32
		{57F0A1D6-E0E6-40B6-80DF-589FFEEC4123}.Release|x86.Build.0 = Release|Win32
	EndGlobalSection
	GlobalSection(SolutionProperties) = preSolution
		HideSolutionNode = FALSE
	EndGlobalSection
	GlobalSection(ExtensibilityGlobals) = postSolution
		SolutionGuid = {C9B92ED7-9081-4209-9038-195126BBD900}
	EndGlobalSection
EndGlobal
