
Microsoft Visual Studio Solution File, Format Version 12.00
# Visual Studio Version 17
VisualStudioVersion = 17.1.32407.343
MinimumVisualStudioVersion = 10.0.40219.1
Project("{8BC9CEB8-8B4A-11D0-8D11-00A0C91BC942}") = "11.16 stonewt", "11.16 stonewt.vcxproj", "{D5F39FD4-DF41-4F30-941D-4DB90519FA8A}"
EndProject
Global
	GlobalSection(SolutionConfigurationPlatforms) = preSolution
		Debug|x64 = Debug|x64
		Debug|x86 = Debug|x86
		Release|x64 = Release|x64
		Release|x86 = Release|x86
	EndGlobalSection
	GlobalSection(ProjectConfigurationPlatforms) = postSolution
		{D5F39FD4-DF41-4F30-941D-4DB90519FA8A}.Debug|x64.ActiveCfg = Debug|x64
		{D5F39FD4-DF41-4F30-941D-4DB90519FA8A}.Debug|x64.Build.0 = Debug|x64
		{D5F39FD4-DF41-4F30-941D-4DB90519FA8A}.Debug|x86.ActiveCfg = Debug|Win32
		{D5F39FD4-DF41-4F30-941D-4DB90519FA8A}.Debug|x86.Build.0 = Debug|Win32
		{D5F39FD4-DF41-4F30-941D-4DB90519FA8A}.Release|x64.ActiveCfg = Release|x64
		{D5F39FD4-DF41-4F30-941D-4DB90519FA8A}.Release|x64.Build.0 = Release|x64
		{D5F39FD4-DF41-4F30-941D-4DB90519FA8A}.Release|x86.ActiveCfg = Release|Win32
		{D5F39FD4-DF41-4F30-941D-4DB90519FA8A}.Release|x86.Build.0 = Release|Win32
	EndGlobalSection
	GlobalSection(SolutionProperties) = preSolution
		HideSolutionNode = FALSE
	EndGlobalSection
	GlobalSection(ExtensibilityGlobals) = postSolution
		SolutionGuid = {6BD8E1E5-5C74-465E-B7DD-1BEADD1AD727}
	EndGlobalSection
EndGlobal
