
Microsoft Visual Studio Solution File, Format Version 12.00
# Visual Studio Version 17
VisualStudioVersion = 17.1.32407.343
MinimumVisualStudioVersion = 10.0.40219.1
Project("{8BC9CEB8-8B4A-11D0-8D11-00A0C91BC942}") = "02", "02.vcxproj", "{B77A9E9D-D7DF-42A9-9D37-48864A62558F}"
EndProject
Global
	GlobalSection(SolutionConfigurationPlatforms) = preSolution
		Debug|x64 = Debug|x64
		Debug|x86 = Debug|x86
		Release|x64 = Release|x64
		Release|x86 = Release|x86
	EndGlobalSection
	GlobalSection(ProjectConfigurationPlatforms) = postSolution
		{B77A9E9D-D7DF-42A9-9D37-48864A62558F}.Debug|x64.ActiveCfg = Debug|x64
		{B77A9E9D-D7DF-42A9-9D37-48864A62558F}.Debug|x64.Build.0 = Debug|x64
		{B77A9E9D-D7DF-42A9-9D37-48864A62558F}.Debug|x86.ActiveCfg = Debug|Win32
		{B77A9E9D-D7DF-42A9-9D37-48864A62558F}.Debug|x86.Build.0 = Debug|Win32
		{B77A9E9D-D7DF-42A9-9D37-48864A62558F}.Release|x64.ActiveCfg = Release|x64
		{B77A9E9D-D7DF-42A9-9D37-48864A62558F}.Release|x64.Build.0 = Release|x64
		{B77A9E9D-D7DF-42A9-9D37-48864A62558F}.Release|x86.ActiveCfg = Release|Win32
		{B77A9E9D-D7DF-42A9-9D37-48864A62558F}.Release|x86.Build.0 = Release|Win32
	EndGlobalSection
	GlobalSection(SolutionProperties) = preSolution
		HideSolutionNode = FALSE
	EndGlobalSection
	GlobalSection(ExtensibilityGlobals) = postSolution
		SolutionGuid = {6B3CC5AA-7FBB-4479-A981-E51C7553D085}
	EndGlobalSection
EndGlobal
